<?xml version="1.0" encoding="utf-8"?>
<Project ToolsVersion="17.0" xmlns="http://schemas.microsoft.com/developer/msbuild/2003">
  <ItemGroup>
    <CustomBuild Include="E:\vst3_sdk\vst-sdk_3.7.2_build-28_2021-03-30\VST_SDK\VST3_SDK\generator\matsyn\matsyn_vs\CMakeFiles\c8f187e3e9dbac8ff7a5fcd928173232\generate.stamp.rule">
      <Filter>CMake Rules</Filter>
    </CustomBuild>
  </ItemGroup>
  <ItemGroup>
    <Filter Include="CMake Rules">
      <UniqueIdentifier>{E50E8F2C-19B9-32C7-8F7E-69F9AE20D311}</UniqueIdentifier>
    </Filter>
  </ItemGroup>
</Project>
