
Microsoft Visual Studio Solution File, Format Version 12.00
# Visual Studio Version 17
Project("{2150E333-8FDC-42A3-9474-1A3956D46DE8}") = "Libraries", "Libraries", "{3AA4084E-4095-33FC-8155-3D24F2A82095}"
EndProject
Project("{2150E333-8FDC-42A3-9474-1A3956D46DE8}") = "Predefined", "Predefined", "{EE8E76C0-1BF6-3E5D-9293-BC463D06239F}"
EndProject
Project("{8BC9CEB8-8B4A-11D0-8D11-00A0C91BC942}") = "ALL_BUILD", "ALL_BUILD.vcxproj", "{442F25C7-5ACB-3FA2-98D3-8AC5364D124C}"
	ProjectSection(ProjectDependencies) = postProject
		{6AC6F398-7B09-3D61-BCDA-868E62B56B6E} = {6AC6F398-7B09-3D61-BCDA-868E62B56B6E}
		{F97F959D-EDA4-3906-A389-B2D7A8FF1F28} = {F97F959D-EDA4-3906-A389-B2D7A8FF1F28}
		{3936F5EF-63F0-3641-A1AA-03003D68DDB9} = {3936F5EF-63F0-3641-A1AA-03003D68DDB9}
		{DE8A9660-0D0D-3A8A-8EB1-8BBBC5E6D4A5} = {DE8A9660-0D0D-3A8A-8EB1-8BBBC5E6D4A5}
	EndProjectSection
EndProject
Project("{8BC9CEB8-8B4A-11D0-8D11-00A0C91BC942}") = "ZERO_CHECK", "..\..\\ZERO_CHECK.vcxproj", "{6AC6F398-7B09-3D61-BCDA-868E62B56B6E}"
	ProjectSection(ProjectDependencies) = postProject
	EndProjectSection
EndProject
Project("{8BC9CEB8-8B4A-11D0-8D11-00A0C91BC942}") = "base", "..\base\base.vcxproj", "{88D7E3EE-E461-334F-952C-27E6C839FBA7}"
	ProjectSection(ProjectDependencies) = postProject
		{6AC6F398-7B09-3D61-BCDA-868E62B56B6E} = {6AC6F398-7B09-3D61-BCDA-868E62B56B6E}
	EndProjectSection
EndProject
Project("{8BC9CEB8-8B4A-11D0-8D11-00A0C91BC942}") = "pluginterfaces", "..\pluginterfaces\pluginterfaces.vcxproj", "{B3060FF8-3F5B-3FB8-85B8-A9C0BD465EDE}"
	ProjectSection(ProjectDependencies) = postProject
		{6AC6F398-7B09-3D61-BCDA-868E62B56B6E} = {6AC6F398-7B09-3D61-BCDA-868E62B56B6E}
	EndProjectSection
EndProject
Project("{8BC9CEB8-8B4A-11D0-8D11-00A0C91BC942}") = "sdk", "sdk.vcxproj", "{F97F959D-EDA4-3906-A389-B2D7A8FF1F28}"
	ProjectSection(ProjectDependencies) = postProject
		{6AC6F398-7B09-3D61-BCDA-868E62B56B6E} = {6AC6F398-7B09-3D61-BCDA-868E62B56B6E}
		{88D7E3EE-E461-334F-952C-27E6C839FBA7} = {88D7E3EE-E461-334F-952C-27E6C839FBA7}
		{B3060FF8-3F5B-3FB8-85B8-A9C0BD465EDE} = {B3060FF8-3F5B-3FB8-85B8-A9C0BD465EDE}
		{3936F5EF-63F0-3641-A1AA-03003D68DDB9} = {3936F5EF-63F0-3641-A1AA-03003D68DDB9}
	EndProjectSection
EndProject
Project("{8BC9CEB8-8B4A-11D0-8D11-00A0C91BC942}") = "sdk_common", "sdk_common.vcxproj", "{3936F5EF-63F0-3641-A1AA-03003D68DDB9}"
	ProjectSection(ProjectDependencies) = postProject
		{6AC6F398-7B09-3D61-BCDA-868E62B56B6E} = {6AC6F398-7B09-3D61-BCDA-868E62B56B6E}
		{88D7E3EE-E461-334F-952C-27E6C839FBA7} = {88D7E3EE-E461-334F-952C-27E6C839FBA7}
		{B3060FF8-3F5B-3FB8-85B8-A9C0BD465EDE} = {B3060FF8-3F5B-3FB8-85B8-A9C0BD465EDE}
	EndProjectSection
EndProject
Project("{8BC9CEB8-8B4A-11D0-8D11-00A0C91BC942}") = "sdk_hosting", "sdk_hosting.vcxproj", "{DE8A9660-0D0D-3A8A-8EB1-8BBBC5E6D4A5}"
	ProjectSection(ProjectDependencies) = postProject
		{6AC6F398-7B09-3D61-BCDA-868E62B56B6E} = {6AC6F398-7B09-3D61-BCDA-868E62B56B6E}
		{88D7E3EE-E461-334F-952C-27E6C839FBA7} = {88D7E3EE-E461-334F-952C-27E6C839FBA7}
		{B3060FF8-3F5B-3FB8-85B8-A9C0BD465EDE} = {B3060FF8-3F5B-3FB8-85B8-A9C0BD465EDE}
		{3936F5EF-63F0-3641-A1AA-03003D68DDB9} = {3936F5EF-63F0-3641-A1AA-03003D68DDB9}
	EndProjectSection
EndProject
Global
	GlobalSection(SolutionConfigurationPlatforms) = preSolution
		Debug|x64 = Debug|x64
		Release|x64 = Release|x64
	EndGlobalSection
	GlobalSection(ProjectConfigurationPlatforms) = postSolution
		{442F25C7-5ACB-3FA2-98D3-8AC5364D124C}.Debug|x64.ActiveCfg = Debug|x64
		{442F25C7-5ACB-3FA2-98D3-8AC5364D124C}.Release|x64.ActiveCfg = Release|x64
		{6AC6F398-7B09-3D61-BCDA-868E62B56B6E}.Debug|x64.ActiveCfg = Debug|x64
		{6AC6F398-7B09-3D61-BCDA-868E62B56B6E}.Debug|x64.Build.0 = Debug|x64
		{6AC6F398-7B09-3D61-BCDA-868E62B56B6E}.Release|x64.ActiveCfg = Release|x64
		{6AC6F398-7B09-3D61-BCDA-868E62B56B6E}.Release|x64.Build.0 = Release|x64
		{88D7E3EE-E461-334F-952C-27E6C839FBA7}.Debug|x64.ActiveCfg = Debug|x64
		{88D7E3EE-E461-334F-952C-27E6C839FBA7}.Debug|x64.Build.0 = Debug|x64
		{88D7E3EE-E461-334F-952C-27E6C839FBA7}.Release|x64.ActiveCfg = Release|x64
		{88D7E3EE-E461-334F-952C-27E6C839FBA7}.Release|x64.Build.0 = Release|x64
		{B3060FF8-3F5B-3FB8-85B8-A9C0BD465EDE}.Debug|x64.ActiveCfg = Debug|x64
		{B3060FF8-3F5B-3FB8-85B8-A9C0BD465EDE}.Debug|x64.Build.0 = Debug|x64
		{B3060FF8-3F5B-3FB8-85B8-A9C0BD465EDE}.Release|x64.ActiveCfg = Release|x64
		{B3060FF8-3F5B-3FB8-85B8-A9C0BD465EDE}.Release|x64.Build.0 = Release|x64
		{F97F959D-EDA4-3906-A389-B2D7A8FF1F28}.Debug|x64.ActiveCfg = Debug|x64
		{F97F959D-EDA4-3906-A389-B2D7A8FF1F28}.Debug|x64.Build.0 = Debug|x64
		{F97F959D-EDA4-3906-A389-B2D7A8FF1F28}.Release|x64.ActiveCfg = Release|x64
		{F97F959D-EDA4-3906-A389-B2D7A8FF1F28}.Release|x64.Build.0 = Release|x64
		{3936F5EF-63F0-3641-A1AA-03003D68DDB9}.Debug|x64.ActiveCfg = Debug|x64
		{3936F5EF-63F0-3641-A1AA-03003D68DDB9}.Debug|x64.Build.0 = Debug|x64
		{3936F5EF-63F0-3641-A1AA-03003D68DDB9}.Release|x64.ActiveCfg = Release|x64
		{3936F5EF-63F0-3641-A1AA-03003D68DDB9}.Release|x64.Build.0 = Release|x64
		{DE8A9660-0D0D-3A8A-8EB1-8BBBC5E6D4A5}.Debug|x64.ActiveCfg = Debug|x64
		{DE8A9660-0D0D-3A8A-8EB1-8BBBC5E6D4A5}.Debug|x64.Build.0 = Debug|x64
		{DE8A9660-0D0D-3A8A-8EB1-8BBBC5E6D4A5}.Release|x64.ActiveCfg = Release|x64
		{DE8A9660-0D0D-3A8A-8EB1-8BBBC5E6D4A5}.Release|x64.Build.0 = Release|x64
	EndGlobalSection
	GlobalSection(NestedProjects) = preSolution
		{88D7E3EE-E461-334F-952C-27E6C839FBA7} = {3AA4084E-4095-33FC-8155-3D24F2A82095}
		{B3060FF8-3F5B-3FB8-85B8-A9C0BD465EDE} = {3AA4084E-4095-33FC-8155-3D24F2A82095}
		{F97F959D-EDA4-3906-A389-B2D7A8FF1F28} = {3AA4084E-4095-33FC-8155-3D24F2A82095}
		{3936F5EF-63F0-3641-A1AA-03003D68DDB9} = {3AA4084E-4095-33FC-8155-3D24F2A82095}
		{DE8A9660-0D0D-3A8A-8EB1-8BBBC5E6D4A5} = {3AA4084E-4095-33FC-8155-3D24F2A82095}
		{442F25C7-5ACB-3FA2-98D3-8AC5364D124C} = {EE8E76C0-1BF6-3E5D-9293-BC463D06239F}
		{6AC6F398-7B09-3D61-BCDA-868E62B56B6E} = {EE8E76C0-1BF6-3E5D-9293-BC463D06239F}
	EndGlobalSection
	GlobalSection(ExtensibilityGlobals) = postSolution
		SolutionGuid = {243B4C7B-9912-3184-A913-BCE0FE2E9C33}
	EndGlobalSection
	GlobalSection(ExtensibilityAddIns) = postSolution
	EndGlobalSection
EndGlobal
