
Microsoft Visual Studio Solution File, Format Version 12.00
# Visual Studio Version 17
Project("{2150E333-8FDC-42A3-9474-1A3956D46DE8}") = "Libraries", "Libraries", "{3AA4084E-4095-33FC-8155-3D24F2A82095}"
EndProject
Project("{2150E333-8FDC-42A3-9474-1A3956D46DE8}") = "Predefined", "Predefined", "{EE8E76C0-1BF6-3E5D-9293-BC463D06239F}"
EndProject
Project("{8BC9CEB8-8B4A-11D0-8D11-00A0C91BC942}") = "ALL_BUILD", "ALL_BUILD.vcxproj", "{442F25C7-5ACB-3FA2-98D3-8AC5364D124C}"
	ProjectSection(ProjectDependencies) = postProject
		{6AC6F398-7B09-3D61-BCDA-868E62B56B6E} = {6AC6F398-7B09-3D61-BCDA-868E62B56B6E}
		{88D7E3EE-E461-334F-952C-27E6C839FBA7} = {88D7E3EE-E461-334F-952C-27E6C839FBA7}
	EndProjectSection
EndProject
Project("{8BC9CEB8-8B4A-11D0-8D11-00A0C91BC942}") = "ZERO_CHECK", "..\..\\ZERO_CHECK.vcxproj", "{6AC6F398-7B09-3D61-BCDA-868E62B56B6E}"
	ProjectSection(ProjectDependencies) = postProject
	EndProjectSection
EndProject
Project("{8BC9CEB8-8B4A-11D0-8D11-00A0C91BC942}") = "base", "base.vcxproj", "{88D7E3EE-E461-334F-952C-27E6C839FBA7}"
	ProjectSection(ProjectDependencies) = postProject
		{6AC6F398-7B09-3D61-BCDA-868E62B56B6E} = {6AC6F398-7B09-3D61-BCDA-868E62B56B6E}
	EndProjectSection
EndProject
Global
	GlobalSection(SolutionConfigurationPlatforms) = preSolution
		Debug|x64 = Debug|x64
		Release|x64 = Release|x64
	EndGlobalSection
	GlobalSection(ProjectConfigurationPlatforms) = postSolution
		{442F25C7-5ACB-3FA2-98D3-8AC5364D124C}.Debug|x64.ActiveCfg = Debug|x64
		{442F25C7-5ACB-3FA2-98D3-8AC5364D124C}.Release|x64.ActiveCfg = Release|x64
		{6AC6F398-7B09-3D61-BCDA-868E62B56B6E}.Debug|x64.ActiveCfg = Debug|x64
		{6AC6F398-7B09-3D61-BCDA-868E62B56B6E}.Debug|x64.Build.0 = Debug|x64
		{6AC6F398-7B09-3D61-BCDA-868E62B56B6E}.Release|x64.ActiveCfg = Release|x64
		{6AC6F398-7B09-3D61-BCDA-868E62B56B6E}.Release|x64.Build.0 = Release|x64
		{88D7E3EE-E461-334F-952C-27E6C839FBA7}.Debug|x64.ActiveCfg = Debug|x64
		{88D7E3EE-E461-334F-952C-27E6C839FBA7}.Debug|x64.Build.0 = Debug|x64
		{88D7E3EE-E461-334F-952C-27E6C839FBA7}.Release|x64.ActiveCfg = Release|x64
		{88D7E3EE-E461-334F-952C-27E6C839FBA7}.Release|x64.Build.0 = Release|x64
	EndGlobalSection
	GlobalSection(NestedProjects) = preSolution
		{88D7E3EE-E461-334F-952C-27E6C839FBA7} = {3AA4084E-4095-33FC-8155-3D24F2A82095}
		{442F25C7-5ACB-3FA2-98D3-8AC5364D124C} = {EE8E76C0-1BF6-3E5D-9293-BC463D06239F}
		{6AC6F398-7B09-3D61-BCDA-868E62B56B6E} = {EE8E76C0-1BF6-3E5D-9293-BC463D06239F}
	EndGlobalSection
	GlobalSection(ExtensibilityGlobals) = postSolution
		SolutionGuid = {45DC2C7D-F556-38A1-B11B-315107F0F07B}
	EndGlobalSection
	GlobalSection(ExtensibilityAddIns) = postSolution
	EndGlobalSection
EndGlobal
